// !$*UTF8*$!
{
	archiveVersion = 1;
	classes = {
	};
	objectVersion = 55;
	objects = {

/* Begin PBXBuildFile section */
		BE553C52289A699500B4C609 /* AppDelegate.swift in Sources */ = {isa = PBXBuildFile; fileRef = BE553C51289A699500B4C609 /* AppDelegate.swift */; };
		BE553C54289A699500B4C609 /* SceneDelegate.swift in Sources */ = {isa = PBXBuildFile; fileRef = BE553C53289A699500B4C609 /* SceneDelegate.swift */; };
		BE553C56289A699500B4C609 /* SettingsVC.swift in Sources */ = {isa = PBXBuildFile; fileRef = BE553C55289A699500B4C609 /* SettingsVC.swift */; };
		BE553C59289A699500B4C609 /* Main.storyboard in Resources */ = {isa = PBXBuildFile; fileRef = BE553C57289A699500B4C609 /* Main.storyboard */; };
		BE553C5B289A699600B4C609 /* Assets.xcassets in Resources */ = {isa = PBXBuildFile; fileRef = BE553C5A289A699600B4C609 /* Assets.xcassets */; };
		BE553C5E289A699600B4C609 /* LaunchScreen.storyboard in Resources */ = {isa = PBXBuildFile; fileRef = BE553C5C289A699600B4C609 /* LaunchScreen.storyboard */; };
		BE553C68289A6E4000B4C609 /* GoogleService-Info.plist in Resources */ = {isa = PBXBuildFile; fileRef = BE553C67289A6E4000B4C609 /* GoogleService-Info.plist */; };
		BE553C6B289A704F00B4C609 /* FirebaseAuth in Frameworks */ = {isa = PBXBuildFile; productRef = BE553C6A289A704F00B4C609 /* FirebaseAuth */; };
		BE553C6D289A704F00B4C609 /* FirebaseDatabase in Frameworks */ = {isa = PBXBuildFile; productRef = BE553C6C289A704F00B4C609 /* FirebaseDatabase */; };
		BE553C6F289A704F00B4C609 /* FirebaseDatabaseSwift in Frameworks */ = {isa = PBXBuildFile; productRef = BE553C6E289A704F00B4C609 /* FirebaseDatabaseSwift */; };
		BE553C71289A704F00B4C609 /* FirebaseFirestore in Frameworks */ = {isa = PBXBuildFile; productRef = BE553C70289A704F00B4C609 /* FirebaseFirestore */; };
		BE553C73289A704F00B4C609 /* FirebaseFirestoreSwift in Frameworks */ = {isa = PBXBuildFile; productRef = BE553C72289A704F00B4C609 /* FirebaseFirestoreSwift */; };
		BE553C77289A718100B4C609 /* RatingVC.swift in Sources */ = {isa = PBXBuildFile; fileRef = BE553C76289A718100B4C609 /* RatingVC.swift */; };
		BE553C79289A718E00B4C609 /* RegisterVC.swift in Sources */ = {isa = PBXBuildFile; fileRef = BE553C78289A718E00B4C609 /* RegisterVC.swift */; };
		BE553C7B289A770400B4C609 /* LoginVC.swift in Sources */ = {isa = PBXBuildFile; fileRef = BE553C7A289A770400B4C609 /* LoginVC.swift */; };
		BE553C7D289A771300B4C609 /* RegistrationVC.swift in Sources */ = {isa = PBXBuildFile; fileRef = BE553C7C289A771300B4C609 /* RegistrationVC.swift */; };
		BE553C81289A7A9900B4C609 /* GameVC.swift in Sources */ = {isa = PBXBuildFile; fileRef = BE553C74289A70C500B4C609 /* GameVC.swift */; };
		BE553C89289A7F8B00B4C609 /* FirebaseFirestore in Frameworks */ = {isa = PBXBuildFile; productRef = BE553C88289A7F8B00B4C609 /* FirebaseFirestore */; };
/* End PBXBuildFile section */

/* Begin PBXFileReference section */
		BE553C4E289A699500B4C609 /* RouletteTask.app */ = {isa = PBXFileReference; explicitFileType = wrapper.application; includeInIndex = 0; path = RouletteTask.app; sourceTree = BUILT_PRODUCTS_DIR; };
		BE553C51289A699500B4C609 /* AppDelegate.swift */ = {isa = PBXFileReference; lastKnownFileType = sourcecode.swift; path = AppDelegate.swift; sourceTree = "<group>"; };
		BE553C53289A699500B4C609 /* SceneDelegate.swift */ = {isa = PBXFileReference; lastKnownFileType = sourcecode.swift; path = SceneDelegate.swift; sourceTree = "<group>"; };
		BE553C55289A699500B4C609 /* SettingsVC.swift */ = {isa = PBXFileReference; lastKnownFileType = sourcecode.swift; path = SettingsVC.swift; sourceTree = "<group>"; };
		BE553C58289A699500B4C609 /* Base */ = {isa = PBXFileReference; lastKnownFileType = file.storyboard; name = Base; path = Base.lproj/Main.storyboard; sourceTree = "<group>"; };
		BE553C5A289A699600B4C609 /* Assets.xcassets */ = {isa = PBXFileReference; lastKnownFileType = folder.assetcatalog; path = Assets.xcassets; sourceTree = "<group>"; };
		BE553C5D289A699600B4C609 /* Base */ = {isa = PBXFileReference; lastKnownFileType = file.storyboard; name = Base; path = Base.lproj/LaunchScreen.storyboard; sourceTree = "<group>"; };
		BE553C5F289A699600B4C609 /* Info.plist */ = {isa = PBXFileReference; lastKnownFileType = text.plist.xml; path = Info.plist; sourceTree = "<group>"; };
		BE553C67289A6E4000B4C609 /* GoogleService-Info.plist */ = {isa = PBXFileReference; fileEncoding = 4; lastKnownFileType = text.plist.xml; path = "GoogleService-Info.plist"; sourceTree = "<group>"; };
		BE553C74289A70C500B4C609 /* GameVC.swift */ = {isa = PBXFileReference; lastKnownFileType = sourcecode.swift; path = GameVC.swift; sourceTree = "<group>"; };
		BE553C76289A718100B4C609 /* RatingVC.swift */ = {isa = PBXFileReference; lastKnownFileType = sourcecode.swift; path = RatingVC.swift; sourceTree = "<group>"; };
		BE553C78289A718E00B4C609 /* RegisterVC.swift */ = {isa = PBXFileReference; lastKnownFileType = sourcecode.swift; path = RegisterVC.swift; sourceTree = "<group>"; };
		BE553C7A289A770400B4C609 /* LoginVC.swift */ = {isa = PBXFileReference; lastKnownFileType = sourcecode.swift; path = LoginVC.swift; sourceTree = "<group>"; };
		BE553C7C289A771300B4C609 /* RegistrationVC.swift */ = {isa = PBXFileReference; lastKnownFileType = sourcecode.swift; path = RegistrationVC.swift; sourceTree = "<group>"; };
/* End PBXFileReference section */

/* Begin PBXFrameworksBuildPhase section */
		BE553C4B289A699500B4C609 /* Frameworks */ = {
			isa = PBXFrameworksBuildPhase;
			buildActionMask = 2147483647;
			files = (
				BE553C73289A704F00B4C609 /* FirebaseFirestoreSwift in Frameworks */,
				BE553C6F289A704F00B4C609 /* FirebaseDatabaseSwift in Frameworks */,
				BE553C71289A704F00B4C609 /* FirebaseFirestore in Frameworks */,
				BE553C6D289A704F00B4C609 /* FirebaseDatabase in Frameworks */,
				BE553C6B289A704F00B4C609 /* FirebaseAuth in Frameworks */,
				BE553C89289A7F8B00B4C609 /* FirebaseFirestore in Frameworks */,
			);
			runOnlyForDeploymentPostprocessing = 0;
		};
/* End PBXFrameworksBuildPhase section */

/* Begin PBXGroup section */
		BE553C45289A699500B4C609 = {
			isa = PBXGroup;
			children = (
				BE553C50289A699500B4C609 /* RouletteTask */,
				BE553C4F289A699500B4C609 /* Products */,
			);
			sourceTree = "<group>";
		};
		BE553C4F289A699500B4C609 /* Products */ = {
			isa = PBXGroup;
			children = (
				BE553C4E289A699500B4C609 /* RouletteTask.app */,
			);
			name = Products;
			sourceTree = "<group>";
		};
		BE553C50289A699500B4C609 /* RouletteTask */ = {
			isa = PBXGroup;
			children = (
				BE553C51289A699500B4C609 /* AppDelegate.swift */,
				BE553C53289A699500B4C609 /* SceneDelegate.swift */,
				BE553C65289A69AF00B4C609 /* Controllers */,
				BE553C66289A69BD00B4C609 /* View */,
				BE553C5A289A699600B4C609 /* Assets.xcassets */,
				BE553C5C289A699600B4C609 /* LaunchScreen.storyboard */,
				BE553C5F289A699600B4C609 /* Info.plist */,
				BE553C67289A6E4000B4C609 /* GoogleService-Info.plist */,
			);
			path = RouletteTask;
			sourceTree = "<group>";
		};
		BE553C65289A69AF00B4C609 /* Controllers */ = {
			isa = PBXGroup;
			children = (
				BE553C55289A699500B4C609 /* SettingsVC.swift */,
				BE553C74289A70C500B4C609 /* GameVC.swift */,
				BE553C76289A718100B4C609 /* RatingVC.swift */,
				BE553C78289A718E00B4C609 /* RegisterVC.swift */,
				BE553C7A289A770400B4C609 /* LoginVC.swift */,
				BE553C7C289A771300B4C609 /* RegistrationVC.swift */,
			);
			path = Controllers;
			sourceTree = "<group>";
		};
		BE553C66289A69BD00B4C609 /* View */ = {
			isa = PBXGroup;
			children = (
				BE553C57289A699500B4C609 /* Main.storyboard */,
			);
			path = View;
			sourceTree = "<group>";
		};
/* End PBXGroup section */

/* Begin PBXNativeTarget section */
		BE553C4D289A699500B4C609 /* RouletteTask */ = {
			isa = PBXNativeTarget;
			buildConfigurationList = BE553C62289A699600B4C609 /* Build configuration list for PBXNativeTarget "RouletteTask" */;
			buildPhases = (
				BE553C4A289A699500B4C609 /* Sources */,
				BE553C4B289A699500B4C609 /* Frameworks */,
				BE553C4C289A699500B4C609 /* Resources */,
			);
			buildRules = (
			);
			dependencies = (
			);
			name = RouletteTask;
			packageProductDependencies = (
				BE553C6A289A704F00B4C609 /* FirebaseAuth */,
				BE553C6C289A704F00B4C609 /* FirebaseDatabase */,
				BE553C6E289A704F00B4C609 /* FirebaseDatabaseSwift */,
				BE553C70289A704F00B4C609 /* FirebaseFirestore */,
				BE553C72289A704F00B4C609 /* FirebaseFirestoreSwift */,
				BE553C88289A7F8B00B4C609 /* FirebaseFirestore */,
			);
			productName = RouletteTask;
			productReference = BE553C4E289A699500B4C609 /* RouletteTask.app */;
			productType = "com.apple.product-type.application";
		};
/* End PBXNativeTarget section */

/* Begin PBXProject section */
		BE553C46289A699500B4C609 /* Project object */ = {
			isa = PBXProject;
			attributes = {
				BuildIndependentTargetsInParallel = 1;
				LastSwiftUpdateCheck = 1340;
				LastUpgradeCheck = 1340;
				TargetAttributes = {
					BE553C4D289A699500B4C609 = {
						CreatedOnToolsVersion = 13.4.1;
					};
				};
			};
			buildConfigurationList = BE553C49289A699500B4C609 /* Build configuration list for PBXProject "RouletteTask" */;
			compatibilityVersion = "Xcode 13.0";
			developmentRegion = en;
			hasScannedForEncodings = 0;
			knownRegions = (
				en,
				Base,
			);
			mainGroup = BE553C45289A699500B4C609;
			packageReferences = (
				BE553C69289A704F00B4C609 /* XCRemoteSwiftPackageReference "firebase-ios-sdk" */,
				BE553C87289A7F8B00B4C609 /* XCRemoteSwiftPackageReference "firebase-ios-sdk" */,
			);
			productRefGroup = BE553C4F289A699500B4C609 /* Products */;
			projectDirPath = "";
			projectRoot = "";
			targets = (
				BE553C4D289A699500B4C609 /* RouletteTask */,
			);
		};
/* End PBXProject section */

/* Begin PBXResourcesBuildPhase section */
		BE553C4C289A699500B4C609 /* Resources */ = {
			isa = PBXResourcesBuildPhase;
			buildActionMask = 2147483647;
			files = (
				BE553C5E289A699600B4C609 /* LaunchScreen.storyboard in Resources */,
				BE553C68289A6E4000B4C609 /* GoogleService-Info.plist in Resources */,
				BE553C5B289A699600B4C609 /* Assets.xcassets in Resources */,
				BE553C59289A699500B4C609 /* Main.storyboard in Resources */,
			);
			runOnlyForDeploymentPostprocessing = 0;
		};
/* End PBXResourcesBuildPhase section */

/* Begin PBXSourcesBuildPhase section */
		BE553C4A289A699500B4C609 /* Sources */ = {
			isa = PBXSourcesBuildPhase;
			buildActionMask = 2147483647;
			files = (
				BE553C81289A7A9900B4C609 /* GameVC.swift in Sources */,
				BE553C56289A699500B4C609 /* SettingsVC.swift in Sources */,
				BE553C52289A699500B4C609 /* AppDelegate.swift in Sources */,
				BE553C7B289A770400B4C609 /* LoginVC.swift in Sources */,
				BE553C7D289A771300B4C609 /* RegistrationVC.swift in Sources */,
				BE553C77289A718100B4C609 /* RatingVC.swift in Sources */,
				BE553C79289A718E00B4C609 /* RegisterVC.swift in Sources */,
				BE553C54289A699500B4C609 /* SceneDelegate.swift in Sources */,
			);
			runOnlyForDeploymentPostprocessing = 0;
		};
/* End PBXSourcesBuildPhase section */

/* Begin PBXVariantGroup section */
		BE553C57289A699500B4C609 /* Main.storyboard */ = {
			isa = PBXVariantGroup;
			children = (
				BE553C58289A699500B4C609 /* Base */,
			);
			name = Main.storyboard;
			sourceTree = "<group>";
		};
		BE553C5C289A699600B4C609 /* LaunchScreen.storyboard */ = {
			isa = PBXVariantGroup;
			children = (
				BE553C5D289A699600B4C609 /* Base */,
			);
			name = LaunchScreen.storyboard;
			sourceTree = "<group>";
		};
/* End PBXVariantGroup section */

/* Begin XCBuildConfiguration section */
		BE553C60289A699600B4C609 /* Debug */ = {
			isa = XCBuildConfiguration;
			buildSettings = {
				ALWAYS_SEARCH_USER_PATHS = NO;
				CLANG_ANALYZER_NONNULL = YES;
				CLANG_ANALYZER_NUMBER_OBJECT_CONVERSION = YES_AGGRESSIVE;
				CLANG_CXX_LANGUAGE_STANDARD = "gnu++17";
				CLANG_ENABLE_MODULES = YES;
				CLANG_ENABLE_OBJC_ARC = YES;
				CLANG_ENABLE_OBJC_WEAK = YES;
				CLANG_WARN_BLOCK_CAPTURE_AUTORELEASING = YES;
				CLANG_WARN_BOOL_CONVERSION = YES;
				CLANG_WARN_COMMA = YES;
				CLANG_WARN_CONSTANT_CONVERSION = YES;
				CLANG_WARN_DEPRECATED_OBJC_IMPLEMENTATIONS = YES;
				CLANG_WARN_DIRECT_OBJC_ISA_USAGE = YES_ERROR;
				CLANG_WARN_DOCUMENTATION_COMMENTS = YES;
				CLANG_WARN_EMPTY_BODY = YES;
				CLANG_WARN_ENUM_CONVERSION = YES;
				CLANG_WARN_INFINITE_RECURSION = YES;
				CLANG_WARN_INT_CONVERSION = YES;
				CLANG_WARN_NON_LITERAL_NULL_CONVERSION = YES;
				CLANG_WARN_OBJC_IMPLICIT_RETAIN_SELF = YES;
				CLANG_WARN_OBJC_LITERAL_CONVERSION = YES;
				CLANG_WARN_OBJC_ROOT_CLASS = YES_ERROR;
				CLANG_WARN_QUOTED_INCLUDE_IN_FRAMEWORK_HEADER = YES;
				CLANG_WARN_RANGE_LOOP_ANALYSIS = YES;
				CLANG_WARN_STRICT_PROTOTYPES = YES;
				CLANG_WARN_SUSPICIOUS_MOVE = YES;
				CLANG_WARN_UNGUARDED_AVAILABILITY = YES_AGGRESSIVE;
				CLANG_WARN_UNREACHABLE_CODE = YES;
				CLANG_WARN__DUPLICATE_METHOD_MATCH = YES;
				COPY_PHASE_STRIP = NO;
				DEBUG_INFORMATION_FORMAT = dwarf;
				ENABLE_STRICT_OBJC_MSGSEND = YES;
				ENABLE_TESTABILITY = YES;
				GCC_C_LANGUAGE_STANDARD = gnu11;
				GCC_DYNAMIC_NO_PIC = NO;
				GCC_NO_COMMON_BLOCKS = YES;
				GCC_OPTIMIZATION_LEVEL = 0;
				GCC_PREPROCESSOR_DEFINITIONS = (
					"DEBUG=1",
					"$(inherited)",
				);
				GCC_WARN_64_TO_32_BIT_CONVERSION = YES;
				GCC_WARN_ABOUT_RETURN_TYPE = YES_ERROR;
				GCC_WARN_UNDECLARED_SELECTOR = YES;
				GCC_WARN_UNINITIALIZED_AUTOS = YES_AGGRESSIVE;
				GCC_WARN_UNUSED_FUNCTION = YES;
				GCC_WARN_UNUSED_VARIABLE = YES;
				IPHONEOS_DEPLOYMENT_TARGET = 15.0;
				MTL_ENABLE_DEBUG_INFO = INCLUDE_SOURCE;
				MTL_FAST_MATH = YES;
				ONLY_ACTIVE_ARCH = YES;
				SDKROOT = iphoneos;
				SWIFT_ACTIVE_COMPILATION_CONDITIONS = DEBUG;
				SWIFT_OPTIMIZATION_LEVEL = "-Onone";
			};
			name = Debug;
		};
		BE553C61289A699600B4C609 /* Release */ = {
			isa = XCBuildConfiguration;
			buildSettings = {
				ALWAYS_SEARCH_USER_PATHS = NO;
				CLANG_ANALYZER_NONNULL = YES;
				CLANG_ANALYZER_NUMBER_OBJECT_CONVERSION = YES_AGGRESSIVE;
				CLANG_CXX_LANGUAGE_STANDARD = "gnu++17";
				CLANG_ENABLE_MODULES = YES;
				CLANG_ENABLE_OBJC_ARC = YES;
				CLANG_ENABLE_OBJC_WEAK = YES;
				CLANG_WARN_BLOCK_CAPTURE_AUTORELEASING = YES;
				CLANG_WARN_BOOL_CONVERSION = YES;
				CLANG_WARN_COMMA = YES;
				CLANG_WARN_CONSTANT_CONVERSION = YES;
				CLANG_WARN_DEPRECATED_OBJC_IMPLEMENTATIONS = YES;
				CLANG_WARN_DIRECT_OBJC_ISA_USAGE = YES_ERROR;
				CLANG_WARN_DOCUMENTATION_COMMENTS = YES;
				CLANG_WARN_EMPTY_BODY = YES;
				CLANG_WARN_ENUM_CONVERSION = YES;
				CLANG_WARN_INFINITE_RECURSION = YES;
				CLANG_WARN_INT_CONVERSION = YES;
				CLANG_WARN_NON_LITERAL_NULL_CONVERSION = YES;
				CLANG_WARN_OBJC_IMPLICIT_RETAIN_SELF = YES;
				CLANG_WARN_OBJC_LITERAL_CONVERSION = YES;
				CLANG_WARN_OBJC_ROOT_CLASS = YES_ERROR;
				CLANG_WARN_QUOTED_INCLUDE_IN_FRAMEWORK_HEADER = YES;
				CLANG_WARN_RANGE_LOOP_ANALYSIS = YES;
				CLANG_WARN_STRICT_PROTOTYPES = YES;
				CLANG_WARN_SUSPICIOUS_MOVE = YES;
				CLANG_WARN_UNGUARDED_AVAILABILITY = YES_AGGRESSIVE;
				CLANG_WARN_UNREACHABLE_CODE = YES;
				CLANG_WARN__DUPLICATE_METHOD_MATCH = YES;
				COPY_PHASE_STRIP = NO;
				DEBUG_INFORMATION_FORMAT = "dwarf-with-dsym";
				ENABLE_NS_ASSERTIONS = NO;
				ENABLE_STRICT_OBJC_MSGSEND = YES;
				GCC_C_LANGUAGE_STANDARD = gnu11;
				GCC_NO_COMMON_BLOCKS = YES;
				GCC_WARN_64_TO_32_BIT_CONVERSION = YES;
				GCC_WARN_ABOUT_RETURN_TYPE = YES_ERROR;
				GCC_WARN_UNDECLARED_SELECTOR = YES;
				GCC_WARN_UNINITIALIZED_AUTOS = YES_AGGRESSIVE;
				GCC_WARN_UNUSED_FUNCTION = YES;
				GCC_WARN_UNUSED_VARIABLE = YES;
				IPHONEOS_DEPLOYMENT_TARGET = 15.0;
				MTL_ENABLE_DEBUG_INFO = NO;
				MTL_FAST_MATH = YES;
				SDKROOT = iphoneos;
				SWIFT_COMPILATION_MODE = wholemodule;
				SWIFT_OPTIMIZATION_LEVEL = "-O";
				VALIDATE_PRODUCT = YES;
			};
			name = Release;
		};
		BE553C63289A699600B4C609 /* Debug */ = {
			isa = XCBuildConfiguration;
			buildSettings = {
				ASSETCATALOG_COMPILER_APPICON_NAME = AppIcon;
				ASSETCATALOG_COMPILER_GLOBAL_ACCENT_COLOR_NAME = AccentColor;
				CODE_SIGN_STYLE = Automatic;
				CURRENT_PROJECT_VERSION = 1;
				DEVELOPMENT_TEAM = 9FL5FRNFVL;
				GENERATE_INFOPLIST_FILE = YES;
				INFOPLIST_FILE = RouletteTask/Info.plist;
				INFOPLIST_KEY_UIApplicationSupportsIndirectInputEvents = YES;
				INFOPLIST_KEY_UILaunchStoryboardName = LaunchScreen;
				INFOPLIST_KEY_UIMainStoryboardFile = Main;
				INFOPLIST_KEY_UISupportedInterfaceOrientations = "UIInterfaceOrientationLandscapeLeft UIInterfaceOrientationLandscapeRight";
				INFOPLIST_KEY_UISupportedInterfaceOrientations_iPad = "UIInterfaceOrientationPortrait UIInterfaceOrientationPortraitUpsideDown UIInterfaceOrientationLandscapeLeft UIInterfaceOrientationLandscapeRight";
				INFOPLIST_KEY_UISupportedInterfaceOrientations_iPhone = "UIInterfaceOrientationPortrait UIInterfaceOrientationLandscapeLeft UIInterfaceOrientationLandscapeRight";
				IPHONEOS_DEPLOYMENT_TARGET = 15.0;
				LD_RUNPATH_SEARCH_PATHS = (
					"$(inherited)",
					"@executable_path/Frameworks",
				);
				MARKETING_VERSION = 1.0;
				PRODUCT_BUNDLE_IDENTIFIER = sdox.RouletteTask;
				PRODUCT_NAME = "$(TARGET_NAME)";
				SWIFT_EMIT_LOC_STRINGS = YES;
				SWIFT_VERSION = 5.0;
				TARGETED_DEVICE_FAMILY = "1,2";
			};
			name = Debug;
		};
		BE553C64289A699600B4C609 /* Release */ = {
			isa = XCBuildConfiguration;
			buildSettings = {
				ASSETCATALOG_COMPILER_APPICON_NAME = AppIcon;
				ASSETCATALOG_COMPILER_GLOBAL_ACCENT_COLOR_NAME = AccentColor;
				CODE_SIGN_STYLE = Automatic;
				CURRENT_PROJECT_VERSION = 1;
				DEVELOPMENT_TEAM = 9FL5FRNFVL;
				GENERATE_INFOPLIST_FILE = YES;
				INFOPLIST_FILE = RouletteTask/Info.plist;
				INFOPLIST_KEY_UIApplicationSupportsIndirectInputEvents = YES;
				INFOPLIST_KEY_UILaunchStoryboardName = LaunchScreen;
				INFOPLIST_KEY_UIMainStoryboardFile = Main;
				INFOPLIST_KEY_UISupportedInterfaceOrientations = "UIInterfaceOrientationLandscapeLeft UIInterfaceOrientationLandscapeRight";
				INFOPLIST_KEY_UISupportedInterfaceOrientations_iPad = "UIInterfaceOrientationPortrait UIInterfaceOrientationPortraitUpsideDown UIInterfaceOrientationLandscapeLeft UIInterfaceOrientationLandscapeRight";
				INFOPLIST_KEY_UISupportedInterfaceOrientations_iPhone = "UIInterfaceOrientationPortrait UIInterfaceOrientationLandscapeLeft UIInterfaceOrientationLandscapeRight";
				IPHONEOS_DEPLOYMENT_TARGET = 15.0;
				LD_RUNPATH_SEARCH_PATHS = (
					"$(inherited)",
					"@executable_path/Frameworks",
				);
				MARKETING_VERSION = 1.0;
				PRODUCT_BUNDLE_IDENTIFIER = sdox.RouletteTask;
				PRODUCT_NAME = "$(TARGET_NAME)";
				SWIFT_EMIT_LOC_STRINGS = YES;
				SWIFT_VERSION = 5.0;
				TARGETED_DEVICE_FAMILY = "1,2";
			};
			name = Release;
		};
/* End XCBuildConfiguration section */

/* Begin XCConfigurationList section */
		BE553C49289A699500B4C609 /* Build configuration list for PBXProject "RouletteTask" */ = {
			isa = XCConfigurationList;
			buildConfigurations = (
				BE553C60289A699600B4C609 /* Debug */,
				BE553C61289A699600B4C609 /* Release */,
			);
			defaultConfigurationIsVisible = 0;
			defaultConfigurationName = Release;
		};
		BE553C62289A699600B4C609 /* Build configuration list for PBXNativeTarget "RouletteTask" */ = {
			isa = XCConfigurationList;
			buildConfigurations = (
				BE553C63289A699600B4C609 /* Debug */,
				BE553C64289A699600B4C609 /* Release */,
			);
			defaultConfigurationIsVisible = 0;
			defaultConfigurationName = Release;
		};
/* End XCConfigurationList section */

/* Begin XCRemoteSwiftPackageReference section */
		BE553C69289A704F00B4C609 /* XCRemoteSwiftPackageReference "firebase-ios-sdk" */ = {
			isa = XCRemoteSwiftPackageReference;
			repositoryURL = "https://github.com/firebase/firebase-ios-sdk";
			requirement = {
				branch = master;
				kind = branch;
			};
		};
		BE553C87289A7F8B00B4C609 /* XCRemoteSwiftPackageReference "firebase-ios-sdk" */ = {
			isa = XCRemoteSwiftPackageReference;
			repositoryURL = "https://github.com/firebase/firebase-ios-sdk";
			requirement = {
				branch = master;
				kind = branch;
			};
		};
/* End XCRemoteSwiftPackageReference section */

/* Begin XCSwiftPackageProductDependency section */
		BE553C6A289A704F00B4C609 /* FirebaseAuth */ = {
			isa = XCSwiftPackageProductDependency;
			package = BE553C69289A704F00B4C609 /* XCRemoteSwiftPackageReference "firebase-ios-sdk" */;
			productName = FirebaseAuth;
		};
		BE553C6C289A704F00B4C609 /* FirebaseDatabase */ = {
			isa = XCSwiftPackageProductDependency;
			package = BE553C69289A704F00B4C609 /* XCRemoteSwiftPackageReference "firebase-ios-sdk" */;
			productName = FirebaseDatabase;
		};
		BE553C6E289A704F00B4C609 /* FirebaseDatabaseSwift */ = {
			isa = XCSwiftPackageProductDependency;
			package = BE553C69289A704F00B4C609 /* XCRemoteSwiftPackageReference "firebase-ios-sdk" */;
			productName = FirebaseDatabaseSwift;
		};
		BE553C70289A704F00B4C609 /* FirebaseFirestore */ = {
			isa = XCSwiftPackageProductDependency;
			package = BE553C69289A704F00B4C609 /* XCRemoteSwiftPackageReference "firebase-ios-sdk" */;
			productName = FirebaseFirestore;
		};
		BE553C72289A704F00B4C609 /* FirebaseFirestoreSwift */ = {
			isa = XCSwiftPackageProductDependency;
			package = BE553C69289A704F00B4C609 /* XCRemoteSwiftPackageReference "firebase-ios-sdk" */;
			productName = FirebaseFirestoreSwift;
		};
		BE553C88289A7F8B00B4C609 /* FirebaseFirestore */ = {
			isa = XCSwiftPackageProductDependency;
			package = BE553C69289A704F00B4C609 /* XCRemoteSwiftPackageReference "firebase-ios-sdk" */;
			productName = FirebaseFirestore;
		};
/* End XCSwiftPackageProductDependency section */
	};
	rootObject = BE553C46289A699500B4C609 /* Project object */;
}
